
Microsoft Visual Studio Solution File, Format Version 12.00
Project("{FAE04EC0-301F-11D3-BF4B-00C04F79EFBC}") = "NetHttp", "NetHttp\NetHttp.csproj", "{B4910E45-4AE8-4DFE-829E-CE209811D9D1}"
EndProject
Project("{FAE04EC0-301F-11D3-BF4B-00C04F79EFBC}") = "NetHttp.Server", "NetHttp.Server\NetHttp.Server.csproj", "{E1A7AD77-00C2-4C4E-B86A-F2DDF792CEE0}"
EndProject
Global
	GlobalSection(SolutionConfigurationPlatforms) = preSolution
		Debug|Any CPU = Debug|Any CPU
		Release|Any CPU = Release|Any CPU
	EndGlobalSection
	GlobalSection(ProjectConfigurationPlatforms) = postSolution
		{B4910E45-4AE8-4DFE-829E-CE209811D9D1}.Debug|Any CPU.ActiveCfg = Debug|Any CPU
		{B4910E45-4AE8-4DFE-829E-CE209811D9D1}.Debug|Any CPU.Build.0 = Debug|Any CPU
		{B4910E45-4AE8-4DFE-829E-CE209811D9D1}.Release|Any CPU.ActiveCfg = Release|Any CPU
		{B4910E45-4AE8-4DFE-829E-CE209811D9D1}.Release|Any CPU.Build.0 = Release|Any CPU
		{E1A7AD77-00C2-4C4E-B86A-F2DDF792CEE0}.Debug|Any CPU.ActiveCfg = Debug|Any CPU
		{E1A7AD77-00C2-4C4E-B86A-F2DDF792CEE0}.Debug|Any CPU.Build.0 = Debug|Any CPU
		{E1A7AD77-00C2-4C4E-B86A-F2DDF792CEE0}.Release|Any CPU.ActiveCfg = Release|Any CPU
		{E1A7AD77-00C2-4C4E-B86A-F2DDF792CEE0}.Release|Any CPU.Build.0 = Release|Any CPU
	EndGlobalSection
EndGlobal
